
Microsoft Visual Studio Solution File, Format Version 12.00
# Visual Studio Version 17
VisualStudioVersion = 17.0.31919.166
MinimumVisualStudioVersion = 10.0.40219.1
Project("{FAE04EC0-301F-11D3-BF4B-00C04F79EFBC}") = "TodoApplication", "TodoApplication\TodoApplication.csproj", "{8E239216-3A52-4896-8298-BCC5428C002E}"
EndProject
Global
	GlobalSection(SolutionConfigurationPlatforms) = preSolution
		Debug|Any CPU = Debug|Any CPU
		Release|Any CPU = Release|Any CPU
	EndGlobalSection
	GlobalSection(ProjectConfigurationPlatforms) = postSolution
		{8E239216-3A52-4896-8298-BCC5428C002E}.Debug|Any CPU.ActiveCfg = Debug|Any CPU
		{8E239216-3A52-4896-8298-BCC5428C002E}.Debug|Any CPU.Build.0 = Debug|Any CPU
		{8E239216-3A52-4896-8298-BCC5428C002E}.Release|Any CPU.ActiveCfg = Release|Any CPU
		{8E239216-3A52-4896-8298-BCC5428C002E}.Release|Any CPU.Build.0 = Release|Any CPU
	EndGlobalSection
	GlobalSection(SolutionProperties) = preSolution
		HideSolutionNode = FALSE
	EndGlobalSection
	GlobalSection(ExtensibilityGlobals) = postSolution
		SolutionGuid = {B42386B0-03AD-4F58-A0BC-A4CFEA6EFA1F}
	EndGlobalSection
EndGlobal
